
Microsoft Visual Studio Solution File, Format Version 12.00
# Visual Studio Version 17
VisualStudioVersion = 17.0.31903.59
MinimumVisualStudioVersion = 10.0.40219.1
Project("{FAE04EC0-301F-11D3-BF4B-00C04F79EFBC}") = "OdeToFood.Web", "OdeToFood.Web\OdeToFood.Web.csproj", "{D41033C0-ADBB-4179-8F71-B1BE0AF0C5CE}"
EndProject
Project("{FAE04EC0-301F-11D3-BF4B-00C04F79EFBC}") = "OdsToFood.Data", "OdsToFood.Data\OdsToFood.Data.csproj", "{D5F746C4-3DD0-4075-AD68-7D14D9C2D76A}"
EndProject
Global
	GlobalSection(SolutionConfigurationPlatforms) = preSolution
		Debug|Any CPU = Debug|Any CPU
		Release|Any CPU = Release|Any CPU
	EndGlobalSection
	GlobalSection(ProjectConfigurationPlatforms) = postSolution
		{D41033C0-ADBB-4179-8F71-B1BE0AF0C5CE}.Debug|Any CPU.ActiveCfg = Debug|Any CPU
		{D41033C0-ADBB-4179-8F71-B1BE0AF0C5CE}.Debug|Any CPU.Build.0 = Debug|Any CPU
		{D41033C0-ADBB-4179-8F71-B1BE0AF0C5CE}.Release|Any CPU.ActiveCfg = Release|Any CPU
		{D41033C0-ADBB-4179-8F71-B1BE0AF0C5CE}.Release|Any CPU.Build.0 = Release|Any CPU
		{D5F746C4-3DD0-4075-AD68-7D14D9C2D76A}.Debug|Any CPU.ActiveCfg = Debug|Any CPU
		{D5F746C4-3DD0-4075-AD68-7D14D9C2D76A}.Debug|Any CPU.Build.0 = Debug|Any CPU
		{D5F746C4-3DD0-4075-AD68-7D14D9C2D76A}.Release|Any CPU.ActiveCfg = Release|Any CPU
		{D5F746C4-3DD0-4075-AD68-7D14D9C2D76A}.Release|Any CPU.Build.0 = Release|Any CPU
	EndGlobalSection
	GlobalSection(SolutionProperties) = preSolution
		HideSolutionNode = FALSE
	EndGlobalSection
	GlobalSection(ExtensibilityGlobals) = postSolution
		SolutionGuid = {FBBFDDCF-98E9-4940-9A0C-AA003D1D3DDB}
	EndGlobalSection
EndGlobal
